
Microsoft Visual Studio Solution File, Format Version 12.00
# Visual Studio Version 17
VisualStudioVersion = 17.10.35004.147
MinimumVisualStudioVersion = 10.0.40219.1
Project("{FAE04EC0-301F-11D3-BF4B-00C04F79EFBC}") = "CustomerDemo", "CustomerDemo\CustomerDemo.csproj", "{C6215B79-4E2A-486D-B286-8FAE6F1624BF}"
	ProjectSection(ProjectDependencies) = postProject
		{C23E60F7-5CFF-4794-8919-79BA390734F0} = {C23E60F7-5CFF-4794-8919-79BA390734F0}
	EndProjectSection
EndProject
Project("{FAE04EC0-301F-11D3-BF4B-00C04F79EFBC}") = "CustomerDetails", "Customer\CustomerDetails.csproj", "{C23E60F7-5CFF-4794-8919-79BA390734F0}"
EndProject
Global
	GlobalSection(SolutionConfigurationPlatforms) = preSolution
		Debug|Any CPU = Debug|Any CPU
		Release|Any CPU = Release|Any CPU
	EndGlobalSection
	GlobalSection(ProjectConfigurationPlatforms) = postSolution
		{C6215B79-4E2A-486D-B286-8FAE6F1624BF}.Debug|Any CPU.ActiveCfg = Debug|Any CPU
		{C6215B79-4E2A-486D-B286-8FAE6F1624BF}.Debug|Any CPU.Build.0 = Debug|Any CPU
		{C6215B79-4E2A-486D-B286-8FAE6F1624BF}.Release|Any CPU.ActiveCfg = Release|Any CPU
		{C6215B79-4E2A-486D-B286-8FAE6F1624BF}.Release|Any CPU.Build.0 = Release|Any CPU
		{C23E60F7-5CFF-4794-8919-79BA390734F0}.Debug|Any CPU.ActiveCfg = Debug|Any CPU
		{C23E60F7-5CFF-4794-8919-79BA390734F0}.Debug|Any CPU.Build.0 = Debug|Any CPU
		{C23E60F7-5CFF-4794-8919-79BA390734F0}.Release|Any CPU.ActiveCfg = Release|Any CPU
		{C23E60F7-5CFF-4794-8919-79BA390734F0}.Release|Any CPU.Build.0 = Release|Any CPU
	EndGlobalSection
	GlobalSection(SolutionProperties) = preSolution
		HideSolutionNode = FALSE
	EndGlobalSection
	GlobalSection(ExtensibilityGlobals) = postSolution
		SolutionGuid = {93BB87FE-9E48-4BDA-A837-3CABEF4B1C1E}
	EndGlobalSection
EndGlobal
